// !$*UTF8*$!
{
	archiveVersion = 1;
	classes = {
	};
	objectVersion = 77;
	objects = {

/* Begin PBXBuildFile section */
		14BDB6F91656668D3694D63D /* Assignment.swift in Sources */ = {isa = PBXBuildFile; fileRef = C43EDF3C9AFF23ECC4DE43BF /* Assignment.swift */; };
		1AD02D7C245314112A3061DE /* SchedulerService.swift in Sources */ = {isa = PBXBuildFile; fileRef = B8DACAF8011E1B9E48ADBC5E /* SchedulerService.swift */; };
		23B6A1A649698C94ED0223E1 /* SyncResult.swift in Sources */ = {isa = PBXBuildFile; fileRef = 5FAD1C7EFAF7F60723CDFBE7 /* SyncResult.swift */; };
		265ACC1B59DBA328E845CA78 /* AppDelegate.swift in Sources */ = {isa = PBXBuildFile; fileRef = 4FFD131A8542782F72E6B1DE /* AppDelegate.swift */; };
		308202EA1855CCCFB1880A6F /* KLMS_to_TodoApp.swift in Sources */ = {isa = PBXBuildFile; fileRef = C89F6B9199F75BE2DE6D7AEC /* KLMS_to_TodoApp.swift */; };
		400276B677B3404A9994DD04 /* MenuBarView.swift in Sources */ = {isa = PBXBuildFile; fileRef = 7D0DC131E9013FF50BFA59D7 /* MenuBarView.swift */; };
		4B562A81F8235DEC3E971FD8 /* Info.plist in Resources */ = {isa = PBXBuildFile; fileRef = 9AD016C6A4146B6442F07E6C /* Info.plist */; };
		4E12ED757A4E5A03EEA0DCE2 /* KeychainHelper.swift in Sources */ = {isa = PBXBuildFile; fileRef = FB1064A73360F56F50DA77A6 /* KeychainHelper.swift */; };
		666831C61103857A0C946EB1 /* KLMSClient.swift in Sources */ = {isa = PBXBuildFile; fileRef = 4F88721392E2384BBE2C92AC /* KLMSClient.swift */; };
		678221EA60E4EDDA294E4BC8 /* SettingsView.swift in Sources */ = {isa = PBXBuildFile; fileRef = 3FB7ECFAE2613067532E0BA1 /* SettingsView.swift */; };
		77E6AE7DDB4791B68403DAC9 /* RemindersService.swift in Sources */ = {isa = PBXBuildFile; fileRef = EE72F9040045A63FFE9F00FE /* RemindersService.swift */; };
		7D1050E03EB97FA9BCAD52F2 /* AppSettings.swift in Sources */ = {isa = PBXBuildFile; fileRef = A35A66B7D56389C689007203 /* AppSettings.swift */; };
		87D8A9189F38BD4DCD261278 /* StatusItemManager.swift in Sources */ = {isa = PBXBuildFile; fileRef = 86A619BE57A8D89C97ADA007 /* StatusItemManager.swift */; };
		AE8A9B654A1EEC0D7B2F9532 /* SyncCoordinator.swift in Sources */ = {isa = PBXBuildFile; fileRef = CD0FE8D93934934B81D4E769 /* SyncCoordinator.swift */; };
		B5179C045C0041F929C427F0 /* KLMS-to-Todo.xcodeproj in Resources */ = {isa = PBXBuildFile; fileRef = 6BC4B7BFF77B5B4F6D11A348 /* KLMS-to-Todo.xcodeproj */; };
/* End PBXBuildFile section */

/* Begin PBXFileReference section */
		3FB7ECFAE2613067532E0BA1 /* SettingsView.swift */ = {isa = PBXFileReference; lastKnownFileType = sourcecode.swift; path = SettingsView.swift; sourceTree = "<group>"; };
		4F88721392E2384BBE2C92AC /* KLMSClient.swift */ = {isa = PBXFileReference; lastKnownFileType = sourcecode.swift; path = KLMSClient.swift; sourceTree = "<group>"; };
		4FFD131A8542782F72E6B1DE /* AppDelegate.swift */ = {isa = PBXFileReference; lastKnownFileType = sourcecode.swift; path = AppDelegate.swift; sourceTree = "<group>"; };
		5FAD1C7EFAF7F60723CDFBE7 /* SyncResult.swift */ = {isa = PBXFileReference; lastKnownFileType = sourcecode.swift; path = SyncResult.swift; sourceTree = "<group>"; };
		6BC4B7BFF77B5B4F6D11A348 /* KLMS-to-Todo.xcodeproj */ = {isa = PBXFileReference; lastKnownFileType = "wrapper.pb-project"; path = "KLMS-to-Todo.xcodeproj"; sourceTree = "<group>"; };
		7D0DC131E9013FF50BFA59D7 /* MenuBarView.swift */ = {isa = PBXFileReference; lastKnownFileType = sourcecode.swift; path = MenuBarView.swift; sourceTree = "<group>"; };
		86A619BE57A8D89C97ADA007 /* StatusItemManager.swift */ = {isa = PBXFileReference; lastKnownFileType = sourcecode.swift; path = StatusItemManager.swift; sourceTree = "<group>"; };
		9455B6F0A49C766C8EFE201D /* KLMS-to-Todo.app */ = {isa = PBXFileReference; explicitFileType = wrapper.application; includeInIndex = 0; path = "KLMS-to-Todo.app"; sourceTree = BUILT_PRODUCTS_DIR; };
		9AD016C6A4146B6442F07E6C /* Info.plist */ = {isa = PBXFileReference; lastKnownFileType = text.plist; path = Info.plist; sourceTree = "<group>"; };
		A0C612FB1CD1EF92431C1466 /* KLMS-to-Todo.entitlements */ = {isa = PBXFileReference; lastKnownFileType = text.plist.entitlements; path = "KLMS-to-Todo.entitlements"; sourceTree = "<group>"; };
		A35A66B7D56389C689007203 /* AppSettings.swift */ = {isa = PBXFileReference; lastKnownFileType = sourcecode.swift; path = AppSettings.swift; sourceTree = "<group>"; };
		B8DACAF8011E1B9E48ADBC5E /* SchedulerService.swift */ = {isa = PBXFileReference; lastKnownFileType = sourcecode.swift; path = SchedulerService.swift; sourceTree = "<group>"; };
		C43EDF3C9AFF23ECC4DE43BF /* Assignment.swift */ = {isa = PBXFileReference; lastKnownFileType = sourcecode.swift; path = Assignment.swift; sourceTree = "<group>"; };
		C89F6B9199F75BE2DE6D7AEC /* KLMS_to_TodoApp.swift */ = {isa = PBXFileReference; lastKnownFileType = sourcecode.swift; path = KLMS_to_TodoApp.swift; sourceTree = "<group>"; };
		CD0FE8D93934934B81D4E769 /* SyncCoordinator.swift */ = {isa = PBXFileReference; lastKnownFileType = sourcecode.swift; path = SyncCoordinator.swift; sourceTree = "<group>"; };
		EE72F9040045A63FFE9F00FE /* RemindersService.swift */ = {isa = PBXFileReference; lastKnownFileType = sourcecode.swift; path = RemindersService.swift; sourceTree = "<group>"; };
		FB1064A73360F56F50DA77A6 /* KeychainHelper.swift */ = {isa = PBXFileReference; lastKnownFileType = sourcecode.swift; path = KeychainHelper.swift; sourceTree = "<group>"; };
/* End PBXFileReference section */

/* Begin PBXGroup section */
		1E87BE465C985C65E196E2A3 /* Services */ = {
			isa = PBXGroup;
			children = (
				4F88721392E2384BBE2C92AC /* KLMSClient.swift */,
				EE72F9040045A63FFE9F00FE /* RemindersService.swift */,
				B8DACAF8011E1B9E48ADBC5E /* SchedulerService.swift */,
				CD0FE8D93934934B81D4E769 /* SyncCoordinator.swift */,
			);
			path = Services;
			sourceTree = "<group>";
		};
		20E0E7E0AF0245DA3257688E /* UI */ = {
			isa = PBXGroup;
			children = (
				7D0DC131E9013FF50BFA59D7 /* MenuBarView.swift */,
				3FB7ECFAE2613067532E0BA1 /* SettingsView.swift */,
				86A619BE57A8D89C97ADA007 /* StatusItemManager.swift */,
			);
			path = UI;
			sourceTree = "<group>";
		};
		845B402AED07C72732770A79 = {
			isa = PBXGroup;
			children = (
				B4D67239709FFA1996C62A5F /* KLMS-to-Todo */,
				97365EF958967FD6B8F7AD9B /* Products */,
			);
			sourceTree = "<group>";
		};
		97365EF958967FD6B8F7AD9B /* Products */ = {
			isa = PBXGroup;
			children = (
				9455B6F0A49C766C8EFE201D /* KLMS-to-Todo.app */,
			);
			name = Products;
			sourceTree = "<group>";
		};
		B4D67239709FFA1996C62A5F /* KLMS-to-Todo */ = {
			isa = PBXGroup;
			children = (
				6BC4B7BFF77B5B4F6D11A348 /* KLMS-to-Todo.xcodeproj */,
				C3C83CA67D7FAF8802056FA5 /* klms-swift-src */,
			);
			path = "KLMS-to-Todo";
			sourceTree = "<group>";
		};
		B98DA3E52127C58EFCD8E690 /* Models */ = {
			isa = PBXGroup;
			children = (
				C43EDF3C9AFF23ECC4DE43BF /* Assignment.swift */,
				5FAD1C7EFAF7F60723CDFBE7 /* SyncResult.swift */,
			);
			path = Models;
			sourceTree = "<group>";
		};
		C3C83CA67D7FAF8802056FA5 /* klms-swift-src */ = {
			isa = PBXGroup;
			children = (
				9AD016C6A4146B6442F07E6C /* Info.plist */,
				A0C612FB1CD1EF92431C1466 /* KLMS-to-Todo.entitlements */,
				D9BD6B1A8500309F745CF9F7 /* App */,
				B98DA3E52127C58EFCD8E690 /* Models */,
				1E87BE465C985C65E196E2A3 /* Services */,
				C724CB977F7C8224BF8B5D44 /* Storage */,
				20E0E7E0AF0245DA3257688E /* UI */,
			);
			path = "klms-swift-src";
			sourceTree = "<group>";
		};
		C724CB977F7C8224BF8B5D44 /* Storage */ = {
			isa = PBXGroup;
			children = (
				A35A66B7D56389C689007203 /* AppSettings.swift */,
				FB1064A73360F56F50DA77A6 /* KeychainHelper.swift */,
			);
			path = Storage;
			sourceTree = "<group>";
		};
		D9BD6B1A8500309F745CF9F7 /* App */ = {
			isa = PBXGroup;
			children = (
				4FFD131A8542782F72E6B1DE /* AppDelegate.swift */,
				C89F6B9199F75BE2DE6D7AEC /* KLMS_to_TodoApp.swift */,
			);
			path = App;
			sourceTree = "<group>";
		};
/* End PBXGroup section */

/* Begin PBXNativeTarget section */
		648485F09E876D7622E081DD /* KLMS-to-Todo */ = {
			isa = PBXNativeTarget;
			buildConfigurationList = 6F94A96244A5CC5C93BA15AE /* Build configuration list for PBXNativeTarget "KLMS-to-Todo" */;
			buildPhases = (
				86FB6819BC88D6C8E702E588 /* Sources */,
				1E89DC6E9D6EC6FF4D80E0B4 /* Resources */,
			);
			buildRules = (
			);
			dependencies = (
			);
			name = "KLMS-to-Todo";
			packageProductDependencies = (
			);
			productName = "KLMS-to-Todo";
			productReference = 9455B6F0A49C766C8EFE201D /* KLMS-to-Todo.app */;
			productType = "com.apple.product-type.application";
		};
/* End PBXNativeTarget section */

/* Begin PBXProject section */
		92C390CD4E26FB272506ACB3 /* Project object */ = {
			isa = PBXProject;
			attributes = {
				BuildIndependentTargetsInParallel = YES;
				LastUpgradeCheck = 1500;
				TargetAttributes = {
					648485F09E876D7622E081DD = {
						DevelopmentTeam = "";
						ProvisioningStyle = Automatic;
					};
				};
			};
			buildConfigurationList = 90BF4B91BB3668EA0DCE19F2 /* Build configuration list for PBXProject "KLMS-to-Todo" */;
			developmentRegion = en;
			hasScannedForEncodings = 0;
			knownRegions = (
				Base,
				en,
			);
			mainGroup = 845B402AED07C72732770A79;
			minimizedProjectReferenceProxies = 1;
			preferredProjectObjectVersion = 77;
			productRefGroup = 97365EF958967FD6B8F7AD9B /* Products */;
			projectDirPath = "";
			projectRoot = "";
			targets = (
				648485F09E876D7622E081DD /* KLMS-to-Todo */,
			);
		};
/* End PBXProject section */

/* Begin PBXResourcesBuildPhase section */
		1E89DC6E9D6EC6FF4D80E0B4 /* Resources */ = {
			isa = PBXResourcesBuildPhase;
			buildActionMask = 2147483647;
			files = (
				4B562A81F8235DEC3E971FD8 /* Info.plist in Resources */,
				B5179C045C0041F929C427F0 /* KLMS-to-Todo.xcodeproj in Resources */,
			);
			runOnlyForDeploymentPostprocessing = 0;
		};
/* End PBXResourcesBuildPhase section */

/* Begin PBXSourcesBuildPhase section */
		86FB6819BC88D6C8E702E588 /* Sources */ = {
			isa = PBXSourcesBuildPhase;
			buildActionMask = 2147483647;
			files = (
				265ACC1B59DBA328E845CA78 /* AppDelegate.swift in Sources */,
				7D1050E03EB97FA9BCAD52F2 /* AppSettings.swift in Sources */,
				14BDB6F91656668D3694D63D /* Assignment.swift in Sources */,
				666831C61103857A0C946EB1 /* KLMSClient.swift in Sources */,
				308202EA1855CCCFB1880A6F /* KLMS_to_TodoApp.swift in Sources */,
				4E12ED757A4E5A03EEA0DCE2 /* KeychainHelper.swift in Sources */,
				400276B677B3404A9994DD04 /* MenuBarView.swift in Sources */,
				77E6AE7DDB4791B68403DAC9 /* RemindersService.swift in Sources */,
				1AD02D7C245314112A3061DE /* SchedulerService.swift in Sources */,
				678221EA60E4EDDA294E4BC8 /* SettingsView.swift in Sources */,
				87D8A9189F38BD4DCD261278 /* StatusItemManager.swift in Sources */,
				AE8A9B654A1EEC0D7B2F9532 /* SyncCoordinator.swift in Sources */,
				23B6A1A649698C94ED0223E1 /* SyncResult.swift in Sources */,
			);
			runOnlyForDeploymentPostprocessing = 0;
		};
/* End PBXSourcesBuildPhase section */

/* Begin XCBuildConfiguration section */
		3D18A9A35715B9F22943849C /* Debug */ = {
			isa = XCBuildConfiguration;
			buildSettings = {
				ALWAYS_SEARCH_USER_PATHS = NO;
				CLANG_ANALYZER_NONNULL = YES;
				CLANG_ANALYZER_NUMBER_OBJECT_CONVERSION = YES_AGGRESSIVE;
				CLANG_CXX_LANGUAGE_STANDARD = "gnu++14";
				CLANG_CXX_LIBRARY = "libc++";
				CLANG_ENABLE_MODULES = YES;
				CLANG_ENABLE_OBJC_ARC = YES;
				CLANG_ENABLE_OBJC_WEAK = YES;
				CLANG_WARN_BLOCK_CAPTURE_AUTORELEASING = YES;
				CLANG_WARN_BOOL_CONVERSION = YES;
				CLANG_WARN_COMMA = YES;
				CLANG_WARN_CONSTANT_CONVERSION = YES;
				CLANG_WARN_DEPRECATED_OBJC_IMPLEMENTATIONS = YES;
				CLANG_WARN_DIRECT_OBJC_ISA_USAGE = YES_ERROR;
				CLANG_WARN_DOCUMENTATION_COMMENTS = YES;
				CLANG_WARN_EMPTY_BODY = YES;
				CLANG_WARN_ENUM_CONVERSION = YES;
				CLANG_WARN_INFINITE_RECURSION = YES;
				CLANG_WARN_INT_CONVERSION = YES;
				CLANG_WARN_NON_LITERAL_NULL_CONVERSION = YES;
				CLANG_WARN_OBJC_IMPLICIT_RETAIN_SELF = YES;
				CLANG_WARN_OBJC_LITERAL_CONVERSION = YES;
				CLANG_WARN_OBJC_ROOT_CLASS = YES_ERROR;
				CLANG_WARN_QUOTED_INCLUDE_IN_FRAMEWORK_HEADER = YES;
				CLANG_WARN_RANGE_LOOP_ANALYSIS = YES;
				CLANG_WARN_STRICT_PROTOTYPES = YES;
				CLANG_WARN_SUSPICIOUS_MOVE = YES;
				CLANG_WARN_UNGUARDED_AVAILABILITY = YES_AGGRESSIVE;
				CLANG_WARN_UNREACHABLE_CODE = YES;
				CLANG_WARN__DUPLICATE_METHOD_MATCH = YES;
				CODE_SIGN_STYLE = Automatic;
				COPY_PHASE_STRIP = NO;
				DEBUG_INFORMATION_FORMAT = dwarf;
				DEVELOPMENT_TEAM = "";
				ENABLE_STRICT_OBJC_MSGSEND = YES;
				ENABLE_TESTABILITY = YES;
				GCC_C_LANGUAGE_STANDARD = gnu11;
				GCC_DYNAMIC_NO_PIC = NO;
				GCC_NO_COMMON_BLOCKS = YES;
				GCC_OPTIMIZATION_LEVEL = 0;
				GCC_PREPROCESSOR_DEFINITIONS = (
					"$(inherited)",
					"DEBUG=1",
				);
				GCC_WARN_64_TO_32_BIT_CONVERSION = YES;
				GCC_WARN_ABOUT_RETURN_TYPE = YES_ERROR;
				GCC_WARN_UNDECLARED_SELECTOR = YES;
				GCC_WARN_UNINITIALIZED_AUTOS = YES_AGGRESSIVE;
				GCC_WARN_UNUSED_FUNCTION = YES;
				GCC_WARN_UNUSED_VARIABLE = YES;
				MACOSX_DEPLOYMENT_TARGET = 13.0;
				MTL_ENABLE_DEBUG_INFO = INCLUDE_SOURCE;
				MTL_FAST_MATH = YES;
				ONLY_ACTIVE_ARCH = YES;
				PRODUCT_BUNDLE_IDENTIFIER = "jp.keio.klms-to-todo";
				PRODUCT_NAME = "$(TARGET_NAME)";
				SDKROOT = macosx;
				SWIFT_ACTIVE_COMPILATION_CONDITIONS = DEBUG;
				SWIFT_OPTIMIZATION_LEVEL = "-Onone";
				SWIFT_VERSION = 5.9;
			};
			name = Debug;
		};
		6A905AC477B03A794A49A599 /* Release */ = {
			isa = XCBuildConfiguration;
			buildSettings = {
				ASSETCATALOG_COMPILER_APPICON_NAME = AppIcon;
				CODE_SIGN_ENTITLEMENTS = "KLMS-to-Todo/KLMS-to-Todo.entitlements";
				COMBINE_HIDPI_IMAGES = YES;
				INFOPLIST_FILE = "KLMS-to-Todo/Info.plist";
				LD_RUNPATH_SEARCH_PATHS = (
					"$(inherited)",
					"@executable_path/../Frameworks",
				);
				SDKROOT = macosx;
			};
			name = Release;
		};
		A00A4ECAEBE1B825CD8CF99B /* Release */ = {
			isa = XCBuildConfiguration;
			buildSettings = {
				ALWAYS_SEARCH_USER_PATHS = NO;
				CLANG_ANALYZER_NONNULL = YES;
				CLANG_ANALYZER_NUMBER_OBJECT_CONVERSION = YES_AGGRESSIVE;
				CLANG_CXX_LANGUAGE_STANDARD = "gnu++14";
				CLANG_CXX_LIBRARY = "libc++";
				CLANG_ENABLE_MODULES = YES;
				CLANG_ENABLE_OBJC_ARC = YES;
				CLANG_ENABLE_OBJC_WEAK = YES;
				CLANG_WARN_BLOCK_CAPTURE_AUTORELEASING = YES;
				CLANG_WARN_BOOL_CONVERSION = YES;
				CLANG_WARN_COMMA = YES;
				CLANG_WARN_CONSTANT_CONVERSION = YES;
				CLANG_WARN_DEPRECATED_OBJC_IMPLEMENTATIONS = YES;
				CLANG_WARN_DIRECT_OBJC_ISA_USAGE = YES_ERROR;
				CLANG_WARN_DOCUMENTATION_COMMENTS = YES;
				CLANG_WARN_EMPTY_BODY = YES;
				CLANG_WARN_ENUM_CONVERSION = YES;
				CLANG_WARN_INFINITE_RECURSION = YES;
				CLANG_WARN_INT_CONVERSION = YES;
				CLANG_WARN_NON_LITERAL_NULL_CONVERSION = YES;
				CLANG_WARN_OBJC_IMPLICIT_RETAIN_SELF = YES;
				CLANG_WARN_OBJC_LITERAL_CONVERSION = YES;
				CLANG_WARN_OBJC_ROOT_CLASS = YES_ERROR;
				CLANG_WARN_QUOTED_INCLUDE_IN_FRAMEWORK_HEADER = YES;
				CLANG_WARN_RANGE_LOOP_ANALYSIS = YES;
				CLANG_WARN_STRICT_PROTOTYPES = YES;
				CLANG_WARN_SUSPICIOUS_MOVE = YES;
				CLANG_WARN_UNGUARDED_AVAILABILITY = YES_AGGRESSIVE;
				CLANG_WARN_UNREACHABLE_CODE = YES;
				CLANG_WARN__DUPLICATE_METHOD_MATCH = YES;
				CODE_SIGN_STYLE = Automatic;
				COPY_PHASE_STRIP = NO;
				DEBUG_INFORMATION_FORMAT = "dwarf-with-dsym";
				DEVELOPMENT_TEAM = "";
				ENABLE_NS_ASSERTIONS = NO;
				ENABLE_STRICT_OBJC_MSGSEND = YES;
				GCC_C_LANGUAGE_STANDARD = gnu11;
				GCC_NO_COMMON_BLOCKS = YES;
				GCC_WARN_64_TO_32_BIT_CONVERSION = YES;
				GCC_WARN_ABOUT_RETURN_TYPE = YES_ERROR;
				GCC_WARN_UNDECLARED_SELECTOR = YES;
				GCC_WARN_UNINITIALIZED_AUTOS = YES_AGGRESSIVE;
				GCC_WARN_UNUSED_FUNCTION = YES;
				GCC_WARN_UNUSED_VARIABLE = YES;
				MACOSX_DEPLOYMENT_TARGET = 13.0;
				MTL_ENABLE_DEBUG_INFO = NO;
				MTL_FAST_MATH = YES;
				PRODUCT_BUNDLE_IDENTIFIER = "jp.keio.klms-to-todo";
				PRODUCT_NAME = "$(TARGET_NAME)";
				SDKROOT = macosx;
				SWIFT_COMPILATION_MODE = wholemodule;
				SWIFT_OPTIMIZATION_LEVEL = "-O";
				SWIFT_VERSION = 5.9;
			};
			name = Release;
		};
		B397231963A5E758871345AA /* Debug */ = {
			isa = XCBuildConfiguration;
			buildSettings = {
				ASSETCATALOG_COMPILER_APPICON_NAME = AppIcon;
				CODE_SIGN_ENTITLEMENTS = "KLMS-to-Todo/KLMS-to-Todo.entitlements";
				COMBINE_HIDPI_IMAGES = YES;
				INFOPLIST_FILE = "KLMS-to-Todo/Info.plist";
				LD_RUNPATH_SEARCH_PATHS = (
					"$(inherited)",
					"@executable_path/../Frameworks",
				);
				SDKROOT = macosx;
			};
			name = Debug;
		};
/* End XCBuildConfiguration section */

/* Begin XCConfigurationList section */
		6F94A96244A5CC5C93BA15AE /* Build configuration list for PBXNativeTarget "KLMS-to-Todo" */ = {
			isa = XCConfigurationList;
			buildConfigurations = (
				B397231963A5E758871345AA /* Debug */,
				6A905AC477B03A794A49A599 /* Release */,
			);
			defaultConfigurationIsVisible = 0;
			defaultConfigurationName = Debug;
		};
		90BF4B91BB3668EA0DCE19F2 /* Build configuration list for PBXProject "KLMS-to-Todo" */ = {
			isa = XCConfigurationList;
			buildConfigurations = (
				3D18A9A35715B9F22943849C /* Debug */,
				A00A4ECAEBE1B825CD8CF99B /* Release */,
			);
			defaultConfigurationIsVisible = 0;
			defaultConfigurationName = Debug;
		};
/* End XCConfigurationList section */
	};
	rootObject = 92C390CD4E26FB272506ACB3 /* Project object */;
}
